
Microsoft Visual Studio Solution File, Format Version 12.00
# Visual Studio Version 17
VisualStudioVersion = 17.5.33627.172
MinimumVisualStudioVersion = 10.0.40219.1
Project("{9A19103F-16F7-4668-BE54-9A1E7A4F7556}") = "WebPulse_WebManager", "WebPulse_WebManager.csproj", "{80CD6211-1EB5-4EDA-88BD-E376477D84CF}"
EndProject
Global
	GlobalSection(SolutionConfigurationPlatforms) = preSolution
		Debug|Any CPU = Debug|Any CPU
		Release|Any CPU = Release|Any CPU
	EndGlobalSection
	GlobalSection(ProjectConfigurationPlatforms) = postSolution
		{80CD6211-1EB5-4EDA-88BD-E376477D84CF}.Debug|Any CPU.ActiveCfg = Debug|Any CPU
		{80CD6211-1EB5-4EDA-88BD-E376477D84CF}.Debug|Any CPU.Build.0 = Debug|Any CPU
		{80CD6211-1EB5-4EDA-88BD-E376477D84CF}.Release|Any CPU.ActiveCfg = Release|Any CPU
		{80CD6211-1EB5-4EDA-88BD-E376477D84CF}.Release|Any CPU.Build.0 = Release|Any CPU
	EndGlobalSection
	GlobalSection(SolutionProperties) = preSolution
		HideSolutionNode = FALSE
	EndGlobalSection
	GlobalSection(ExtensibilityGlobals) = postSolution
		SolutionGuid = {9B2474B6-69CB-4F2D-96B7-013EB42C0A51}
	EndGlobalSection
EndGlobal
